# This file is automatically @generated by Cargo.
# It is not intended for manual editing.
version = 4

[[package]]
name = "anstyle"
version = "1.0.14"
source = "registry+https://github.com/rust-lang/crates.io-index"
checksum = "940b3a0ca603d1eade50a4846a2afffd5ef57a9feac2c0e2ec2e14f9ead76000"

[[package]]
name = "assert_cmd"
version = "2.2.2"
source = "registry+https://github.com/rust-lang/crates.io-index"
checksum = "2aa3a22042e45de04255c7bf3626e239f450200fd0493c1e382263544b20aea6"
dependencies = [
 "anstyle",
 "bstr",
 "libc",
 "predicates",
 "predicates-core",
 "predicates-tree",
 "wait-timeout",
]

[[package]]
name = "bstr"
version = "1.13.0"
source = "registry+https://github.com/rust-lang/crates.io-index"
checksum = "1f7dc094d718f2e1c1559ad110e27eeaae14a5465d3d56dd6dbd793079fbd530"
dependencies = [
 "memchr",
 "regex-automata",
 "serde_core",
]

[[package]]
name = "difflib"
version = "0.4.0"
source = "registry+https://github.com/rust-lang/crates.io-index"
checksum = "6184e33543162437515c2e2b48714794e37845ec9851711914eec9d308f6ebe8"

[[package]]
name = "libc"
version = "0.2.189"
source = "registry+https://github.com/rust-lang/crates.io-index"
checksum = "3eaf3ede3fee6db1a4c2ee091bf8a8b4dccdc6d17f656fb07896ee72867612f2"

[[package]]
name = "memchr"
version = "2.8.3"
source = "registry+https://github.com/rust-lang/crates.io-index"
checksum = "cf8baf1c55e62ffcace7a9f06f4bd9cd3f0c4beb022d3b367256b91b87513d98"

[[package]]
name = "predicates"
version = "3.1.4"
source = "registry+https://github.com/rust-lang/crates.io-index"
checksum = "ada8f2932f28a27ee7b70dd6c1c39ea0675c55a36879ab92f3a715eaa1e63cfe"
dependencies = [
 "anstyle",
 "difflib",
 "predicates-core",
]

[[package]]
name = "predicates-core"
version = "1.0.10"
source = "registry+https://github.com/rust-lang/crates.io-index"
checksum = "cad38746f3166b4031b1a0d39ad9f954dd291e7854fcc0eed52ee41a0b50d144"

[[package]]
name = "predicates-tree"
version = "1.0.13"
source = "registry+https://github.com/rust-lang/crates.io-index"
checksum = "d0de1b847b39c8131db0467e9df1ff60e6d0562ab8e9a16e568ad0fdb372e2f2"
dependencies = [
 "predicates-core",
 "termtree",
]

[[package]]
name = "proc-macro2"
version = "1.0.107"
source = "registry+https://github.com/rust-lang/crates.io-index"
checksum = "985e7ec9bb745e6ce6535b544d84d6cd6f7ad8bd711c398938ae983b91a766d9"
dependencies = [
 "unicode-ident",
]

[[package]]
name = "quote"
version = "1.0.47"
source = "registry+https://github.com/rust-lang/crates.io-index"
checksum = "1fbf4db142a473a8d80c26bbf18454ed458bf8d26c8219c331daecfdbd079001"
dependencies = [
 "proc-macro2",
]

[[package]]
name = "regex-automata"
version = "0.4.16"
source = "registry+https://github.com/rust-lang/crates.io-index"
checksum = "8fcfdb36bda0c880c5931cdc7a2bcdc8ba4556847b9d912bca70bc94708711ad"

[[package]]
name = "serde_core"
version = "1.0.229"
source = "registry+https://github.com/rust-lang/crates.io-index"
checksum = "67dca2c9c51e58a4791a4b1ed58308b39c64224d349a935ab5039aa360942a48"
dependencies = [
 "serde_derive",
]

[[package]]
name = "serde_derive"
version = "1.0.229"
source = "registry+https://github.com/rust-lang/crates.io-index"
checksum = "e7a5d71263a5a7d47b41f6b3f06ba276f10cc18b0931f1799f710578e2309348"
dependencies = [
 "proc-macro2",
 "quote",
 "syn",
]

[[package]]
name = "syn"
version = "3.0.3"
source = "registry+https://github.com/rust-lang/crates.io-index"
checksum = "53e9bae58849f64dfa4f5d5ae372c8341f7305f82a3868709269343628b659a3"
dependencies = [
 "proc-macro2",
 "quote",
 "unicode-ident",
]

[[package]]
name = "termtree"
version = "0.5.1"
source = "registry+https://github.com/rust-lang/crates.io-index"
checksum = "8f50febec83f5ee1df3015341d8bd429f2d1cc62bcba7ea2076759d315084683"

[[package]]
name = "ui_test"
version = "6.0.2"
dependencies = [
 "assert_cmd",
]

[[package]]
name = "unicode-ident"
version = "1.0.24"
source = "registry+https://github.com/rust-lang/crates.io-index"
checksum = "e6e4313cd5fcd3dad5cafa179702e2b244f760991f45397d14d4ebf38247da75"

[[package]]
name = "wait-timeout"
version = "0.2.1"
source = "registry+https://github.com/rust-lang/crates.io-index"
checksum = "09ac3b126d3914f9849036f826e054cbabdc8519970b8998ddaf3b5bd3c65f11"
dependencies = [
 "libc",
]
